
Microsoft Visual Studio Solution File, Format Version 12.00
# Visual Studio 15
VisualStudioVersion = 15.0.28010.2048
MinimumVisualStudioVersion = 10.0.40219.1
Project("{FAE04EC0-301F-11D3-BF4B-00C04F79EFBC}") = "ComputerStore.Manager", "ComputerStore.Manager\ComputerStore.Manager.csproj", "{A8DE65DF-B5B3-496E-B914-43549E0C7DFA}"
EndProject
Project("{FAE04EC0-301F-11D3-BF4B-00C04F79EFBC}") = "ComputerStore.Services", "ComputerStore.Services\ComputerStore.Services.csproj", "{5FF8C939-63B8-47BE-BA97-737243BC70CA}"
EndProject
Project("{FAE04EC0-301F-11D3-BF4B-00C04F79EFBC}") = "ComputerStore.FormApplication", "ComputerStore.FormApplication\ComputerStore.FormApplication.csproj", "{2F7F1751-4D5F-42DB-A909-74047EAE97D8}"
EndProject
Project("{FAE04EC0-301F-11D3-BF4B-00C04F79EFBC}") = "Test", "Test\Test.csproj", "{BD0D1A31-2BE6-434E-8F50-D09AF628B225}"
EndProject
Global
	GlobalSection(SolutionConfigurationPlatforms) = preSolution
		Debug|Any CPU = Debug|Any CPU
		Release|Any CPU = Release|Any CPU
	EndGlobalSection
	GlobalSection(ProjectConfigurationPlatforms) = postSolution
		{A8DE65DF-B5B3-496E-B914-43549E0C7DFA}.Debug|Any CPU.ActiveCfg = Debug|Any CPU
		{A8DE65DF-B5B3-496E-B914-43549E0C7DFA}.Debug|Any CPU.Build.0 = Debug|Any CPU
		{A8DE65DF-B5B3-496E-B914-43549E0C7DFA}.Release|Any CPU.ActiveCfg = Release|Any CPU
		{A8DE65DF-B5B3-496E-B914-43549E0C7DFA}.Release|Any CPU.Build.0 = Release|Any CPU
		{5FF8C939-63B8-47BE-BA97-737243BC70CA}.Debug|Any CPU.ActiveCfg = Debug|Any CPU
		{5FF8C939-63B8-47BE-BA97-737243BC70CA}.Debug|Any CPU.Build.0 = Debug|Any CPU
		{5FF8C939-63B8-47BE-BA97-737243BC70CA}.Release|Any CPU.ActiveCfg = Release|Any CPU
		{5FF8C939-63B8-47BE-BA97-737243BC70CA}.Release|Any CPU.Build.0 = Release|Any CPU
		{2F7F1751-4D5F-42DB-A909-74047EAE97D8}.Debug|Any CPU.ActiveCfg = Debug|Any CPU
		{2F7F1751-4D5F-42DB-A909-74047EAE97D8}.Debug|Any CPU.Build.0 = Debug|Any CPU
		{2F7F1751-4D5F-42DB-A909-74047EAE97D8}.Release|Any CPU.ActiveCfg = Release|Any CPU
		{2F7F1751-4D5F-42DB-A909-74047EAE97D8}.Release|Any CPU.Build.0 = Release|Any CPU
		{BD0D1A31-2BE6-434E-8F50-D09AF628B225}.Debug|Any CPU.ActiveCfg = Debug|Any CPU
		{BD0D1A31-2BE6-434E-8F50-D09AF628B225}.Debug|Any CPU.Build.0 = Debug|Any CPU
		{BD0D1A31-2BE6-434E-8F50-D09AF628B225}.Release|Any CPU.ActiveCfg = Release|Any CPU
		{BD0D1A31-2BE6-434E-8F50-D09AF628B225}.Release|Any CPU.Build.0 = Release|Any CPU
	EndGlobalSection
	GlobalSection(SolutionProperties) = preSolution
		HideSolutionNode = FALSE
	EndGlobalSection
	GlobalSection(ExtensibilityGlobals) = postSolution
		SolutionGuid = {2419EE85-D1C2-4273-9B68-F5B910AC3CCC}
	EndGlobalSection
EndGlobal
